
Microsoft Visual Studio Solution File, Format Version 12.00
# Visual Studio 15
VisualStudioVersion = 15.0.26124.0
MinimumVisualStudioVersion = 15.0.26124.0
Project("{2150E333-8FDC-42A3-9474-1A3956D46DE8}") = "src", "src", "{E6C8A43A-6DF8-43F5-B34A-0566961D6AE7}"
EndProject
Project("{2150E333-8FDC-42A3-9474-1A3956D46DE8}") = "core", "core", "{49ED3FD7-CD4D-4078-99E0-9AF1CFA6F1FF}"
EndProject
Project("{FAE04EC0-301F-11D3-BF4B-00C04F79EFBC}") = "Travel.Domain", "src\core\Travel.Domain\Travel.Domain.csproj", "{433EBE6A-281C-4DEA-8F7C-D62D9F005FD6}"
EndProject
Project("{FAE04EC0-301F-11D3-BF4B-00C04F79EFBC}") = "Travel.Application", "src\core\Travel.Application\Travel.Application.csproj", "{9F881E7B-4E3E-4AA9-A94C-69793A290245}"
EndProject
Project("{2150E333-8FDC-42A3-9474-1A3956D46DE8}") = "infrastructure", "infrastructure", "{6642B263-14D0-46F6-8D35-B8CCB3E5BC9D}"
EndProject
Project("{FAE04EC0-301F-11D3-BF4B-00C04F79EFBC}") = "Travel.Data", "src\infrastructure\Travel.Data\Travel.Data.csproj", "{FEF89982-0118-4F33-B421-770C8E7F67A5}"
EndProject
Project("{FAE04EC0-301F-11D3-BF4B-00C04F79EFBC}") = "Travel.Shared", "src\infrastructure\Travel.Shared\Travel.Shared.csproj", "{5ECF3A48-F723-4BB3-994B-F38AB7BE9691}"
EndProject
Project("{2150E333-8FDC-42A3-9474-1A3956D46DE8}") = "presentation", "presentation", "{7A47A1B3-C34E-4687-9DAF-A7C63B60C4BF}"
EndProject
Project("{FAE04EC0-301F-11D3-BF4B-00C04F79EFBC}") = "Travel.WebApi", "src\presentation\Travel.WebApi\Travel.WebApi.csproj", "{5D276EAC-CD24-4D97-8CA5-B9B710B748CE}"
EndProject
Global
	GlobalSection(SolutionConfigurationPlatforms) = preSolution
		Debug|Any CPU = Debug|Any CPU
		Debug|x64 = Debug|x64
		Debug|x86 = Debug|x86
		Release|Any CPU = Release|Any CPU
		Release|x64 = Release|x64
		Release|x86 = Release|x86
	EndGlobalSection
	GlobalSection(SolutionProperties) = preSolution
		HideSolutionNode = FALSE
	EndGlobalSection
	GlobalSection(ProjectConfigurationPlatforms) = postSolution
		{433EBE6A-281C-4DEA-8F7C-D62D9F005FD6}.Debug|Any CPU.ActiveCfg = Debug|Any CPU
		{433EBE6A-281C-4DEA-8F7C-D62D9F005FD6}.Debug|Any CPU.Build.0 = Debug|Any CPU
		{433EBE6A-281C-4DEA-8F7C-D62D9F005FD6}.Debug|x64.ActiveCfg = Debug|Any CPU
		{433EBE6A-281C-4DEA-8F7C-D62D9F005FD6}.Debug|x64.Build.0 = Debug|Any CPU
		{433EBE6A-281C-4DEA-8F7C-D62D9F005FD6}.Debug|x86.ActiveCfg = Debug|Any CPU
		{433EBE6A-281C-4DEA-8F7C-D62D9F005FD6}.Debug|x86.Build.0 = Debug|Any CPU
		{433EBE6A-281C-4DEA-8F7C-D62D9F005FD6}.Release|Any CPU.ActiveCfg = Release|Any CPU
		{433EBE6A-281C-4DEA-8F7C-D62D9F005FD6}.Release|Any CPU.Build.0 = Release|Any CPU
		{433EBE6A-281C-4DEA-8F7C-D62D9F005FD6}.Release|x64.ActiveCfg = Release|Any CPU
		{433EBE6A-281C-4DEA-8F7C-D62D9F005FD6}.Release|x64.Build.0 = Release|Any CPU
		{433EBE6A-281C-4DEA-8F7C-D62D9F005FD6}.Release|x86.ActiveCfg = Release|Any CPU
		{433EBE6A-281C-4DEA-8F7C-D62D9F005FD6}.Release|x86.Build.0 = Release|Any CPU
		{9F881E7B-4E3E-4AA9-A94C-69793A290245}.Debug|Any CPU.ActiveCfg = Debug|Any CPU
		{9F881E7B-4E3E-4AA9-A94C-69793A290245}.Debug|Any CPU.Build.0 = Debug|Any CPU
		{9F881E7B-4E3E-4AA9-A94C-69793A290245}.Debug|x64.ActiveCfg = Debug|Any CPU
		{9F881E7B-4E3E-4AA9-A94C-69793A290245}.Debug|x64.Build.0 = Debug|Any CPU
		{9F881E7B-4E3E-4AA9-A94C-69793A290245}.Debug|x86.ActiveCfg = Debug|Any CPU
		{9F881E7B-4E3E-4AA9-A94C-69793A290245}.Debug|x86.Build.0 = Debug|Any CPU
		{9F881E7B-4E3E-4AA9-A94C-69793A290245}.Release|Any CPU.ActiveCfg = Release|Any CPU
		{9F881E7B-4E3E-4AA9-A94C-69793A290245}.Release|Any CPU.Build.0 = Release|Any CPU
		{9F881E7B-4E3E-4AA9-A94C-69793A290245}.Release|x64.ActiveCfg = Release|Any CPU
		{9F881E7B-4E3E-4AA9-A94C-69793A290245}.Release|x64.Build.0 = Release|Any CPU
		{9F881E7B-4E3E-4AA9-A94C-69793A290245}.Release|x86.ActiveCfg = Release|Any CPU
		{9F881E7B-4E3E-4AA9-A94C-69793A290245}.Release|x86.Build.0 = Release|Any CPU
		{FEF89982-0118-4F33-B421-770C8E7F67A5}.Debug|Any CPU.ActiveCfg = Debug|Any CPU
		{FEF89982-0118-4F33-B421-770C8E7F67A5}.Debug|Any CPU.Build.0 = Debug|Any CPU
		{FEF89982-0118-4F33-B421-770C8E7F67A5}.Debug|x64.ActiveCfg = Debug|Any CPU
		{FEF89982-0118-4F33-B421-770C8E7F67A5}.Debug|x64.Build.0 = Debug|Any CPU
		{FEF89982-0118-4F33-B421-770C8E7F67A5}.Debug|x86.ActiveCfg = Debug|Any CPU
		{FEF89982-0118-4F33-B421-770C8E7F67A5}.Debug|x86.Build.0 = Debug|Any CPU
		{FEF89982-0118-4F33-B421-770C8E7F67A5}.Release|Any CPU.ActiveCfg = Release|Any CPU
		{FEF89982-0118-4F33-B421-770C8E7F67A5}.Release|Any CPU.Build.0 = Release|Any CPU
		{FEF89982-0118-4F33-B421-770C8E7F67A5}.Release|x64.ActiveCfg = Release|Any CPU
		{FEF89982-0118-4F33-B421-770C8E7F67A5}.Release|x64.Build.0 = Release|Any CPU
		{FEF89982-0118-4F33-B421-770C8E7F67A5}.Release|x86.ActiveCfg = Release|Any CPU
		{FEF89982-0118-4F33-B421-770C8E7F67A5}.Release|x86.Build.0 = Release|Any CPU
		{5ECF3A48-F723-4BB3-994B-F38AB7BE9691}.Debug|Any CPU.ActiveCfg = Debug|Any CPU
		{5ECF3A48-F723-4BB3-994B-F38AB7BE9691}.Debug|Any CPU.Build.0 = Debug|Any CPU
		{5ECF3A48-F723-4BB3-994B-F38AB7BE9691}.Debug|x64.ActiveCfg = Debug|Any CPU
		{5ECF3A48-F723-4BB3-994B-F38AB7BE9691}.Debug|x64.Build.0 = Debug|Any CPU
		{5ECF3A48-F723-4BB3-994B-F38AB7BE9691}.Debug|x86.ActiveCfg = Debug|Any CPU
		{5ECF3A48-F723-4BB3-994B-F38AB7BE9691}.Debug|x86.Build.0 = Debug|Any CPU
		{5ECF3A48-F723-4BB3-994B-F38AB7BE9691}.Release|Any CPU.ActiveCfg = Release|Any CPU
		{5ECF3A48-F723-4BB3-994B-F38AB7BE9691}.Release|Any CPU.Build.0 = Release|Any CPU
		{5ECF3A48-F723-4BB3-994B-F38AB7BE9691}.Release|x64.ActiveCfg = Release|Any CPU
		{5ECF3A48-F723-4BB3-994B-F38AB7BE9691}.Release|x64.Build.0 = Release|Any CPU
		{5ECF3A48-F723-4BB3-994B-F38AB7BE9691}.Release|x86.ActiveCfg = Release|Any CPU
		{5ECF3A48-F723-4BB3-994B-F38AB7BE9691}.Release|x86.Build.0 = Release|Any CPU
		{5D276EAC-CD24-4D97-8CA5-B9B710B748CE}.Debug|Any CPU.ActiveCfg = Debug|Any CPU
		{5D276EAC-CD24-4D97-8CA5-B9B710B748CE}.Debug|Any CPU.Build.0 = Debug|Any CPU
		{5D276EAC-CD24-4D97-8CA5-B9B710B748CE}.Debug|x64.ActiveCfg = Debug|Any CPU
		{5D276EAC-CD24-4D97-8CA5-B9B710B748CE}.Debug|x64.Build.0 = Debug|Any CPU
		{5D276EAC-CD24-4D97-8CA5-B9B710B748CE}.Debug|x86.ActiveCfg = Debug|Any CPU
		{5D276EAC-CD24-4D97-8CA5-B9B710B748CE}.Debug|x86.Build.0 = Debug|Any CPU
		{5D276EAC-CD24-4D97-8CA5-B9B710B748CE}.Release|Any CPU.ActiveCfg = Release|Any CPU
		{5D276EAC-CD24-4D97-8CA5-B9B710B748CE}.Release|Any CPU.Build.0 = Release|Any CPU
		{5D276EAC-CD24-4D97-8CA5-B9B710B748CE}.Release|x64.ActiveCfg = Release|Any CPU
		{5D276EAC-CD24-4D97-8CA5-B9B710B748CE}.Release|x64.Build.0 = Release|Any CPU
		{5D276EAC-CD24-4D97-8CA5-B9B710B748CE}.Release|x86.ActiveCfg = Release|Any CPU
		{5D276EAC-CD24-4D97-8CA5-B9B710B748CE}.Release|x86.Build.0 = Release|Any CPU
	EndGlobalSection
	GlobalSection(NestedProjects) = preSolution
		{49ED3FD7-CD4D-4078-99E0-9AF1CFA6F1FF} = {E6C8A43A-6DF8-43F5-B34A-0566961D6AE7}
		{433EBE6A-281C-4DEA-8F7C-D62D9F005FD6} = {49ED3FD7-CD4D-4078-99E0-9AF1CFA6F1FF}
		{9F881E7B-4E3E-4AA9-A94C-69793A290245} = {49ED3FD7-CD4D-4078-99E0-9AF1CFA6F1FF}
		{6642B263-14D0-46F6-8D35-B8CCB3E5BC9D} = {E6C8A43A-6DF8-43F5-B34A-0566961D6AE7}
		{FEF89982-0118-4F33-B421-770C8E7F67A5} = {6642B263-14D0-46F6-8D35-B8CCB3E5BC9D}
		{5ECF3A48-F723-4BB3-994B-F38AB7BE9691} = {6642B263-14D0-46F6-8D35-B8CCB3E5BC9D}
		{7A47A1B3-C34E-4687-9DAF-A7C63B60C4BF} = {E6C8A43A-6DF8-43F5-B34A-0566961D6AE7}
		{5D276EAC-CD24-4D97-8CA5-B9B710B748CE} = {7A47A1B3-C34E-4687-9DAF-A7C63B60C4BF}
	EndGlobalSection
EndGlobal
